
Microsoft Visual Studio Solution File, Format Version 12.00
# Visual Studio Version 17
VisualStudioVersion = 17.1.32210.238
MinimumVisualStudioVersion = 10.0.40219.1
Project("{FAE04EC0-301F-11D3-BF4B-00C04F79EFBC}") = "modul8_1302204038", "modul8_1302204038\modul8_1302204038.csproj", "{52616279-14D8-453B-9684-837EA3784972}"
EndProject
Global
	GlobalSection(SolutionConfigurationPlatforms) = preSolution
		Debug|Any CPU = Debug|Any CPU
		Release|Any CPU = Release|Any CPU
	EndGlobalSection
	GlobalSection(ProjectConfigurationPlatforms) = postSolution
		{52616279-14D8-453B-9684-837EA3784972}.Debug|Any CPU.ActiveCfg = Debug|Any CPU
		{52616279-14D8-453B-9684-837EA3784972}.Debug|Any CPU.Build.0 = Debug|Any CPU
		{52616279-14D8-453B-9684-837EA3784972}.Release|Any CPU.ActiveCfg = Release|Any CPU
		{52616279-14D8-453B-9684-837EA3784972}.Release|Any CPU.Build.0 = Release|Any CPU
	EndGlobalSection
	GlobalSection(SolutionProperties) = preSolution
		HideSolutionNode = FALSE
	EndGlobalSection
	GlobalSection(ExtensibilityGlobals) = postSolution
		SolutionGuid = {327CDC4F-DE78-4216-BC0C-FDFC6F04F492}
	EndGlobalSection
EndGlobal
